
Microsoft Visual Studio Solution File, Format Version 12.00
# Visual Studio 15
VisualStudioVersion = 15.0.27703.2042
MinimumVisualStudioVersion = 10.0.40219.1
Project("{FAE04EC0-301F-11D3-BF4B-00C04F79EFBC}") = "TACExport", "TACExport\TACExport.csproj", "{241730F0-F535-42AD-9C5B-8B776CCCD31D}"
EndProject
Global
	GlobalSection(SolutionConfigurationPlatforms) = preSolution
		Debug|Any CPU = Debug|Any CPU
		Release|Any CPU = Release|Any CPU
	EndGlobalSection
	GlobalSection(ProjectConfigurationPlatforms) = postSolution
		{241730F0-F535-42AD-9C5B-8B776CCCD31D}.Debug|Any CPU.ActiveCfg = Debug|Any CPU
		{241730F0-F535-42AD-9C5B-8B776CCCD31D}.Debug|Any CPU.Build.0 = Debug|Any CPU
		{241730F0-F535-42AD-9C5B-8B776CCCD31D}.Release|Any CPU.ActiveCfg = Release|Any CPU
		{241730F0-F535-42AD-9C5B-8B776CCCD31D}.Release|Any CPU.Build.0 = Release|Any CPU
	EndGlobalSection
	GlobalSection(SolutionProperties) = preSolution
		HideSolutionNode = FALSE
	EndGlobalSection
	GlobalSection(ExtensibilityGlobals) = postSolution
		SolutionGuid = {BDFDEF64-475B-4E2E-A81E-43DC5790CF50}
	EndGlobalSection
EndGlobal
